
Microsoft Visual Studio Solution File, Format Version 12.00
# Visual Studio Version 17
VisualStudioVersion = 17.0.32112.339
MinimumVisualStudioVersion = 10.0.40219.1
Project("{FAE04EC0-301F-11D3-BF4B-00C04F79EFBC}") = "SalesPoint", "SalesPoint\SalesPoint.csproj", "{79DE38B7-220C-43E4-B974-BC1763A478D3}"
EndProject
Global
	GlobalSection(SolutionConfigurationPlatforms) = preSolution
		Debug|Any CPU = Debug|Any CPU
		Release|Any CPU = Release|Any CPU
	EndGlobalSection
	GlobalSection(ProjectConfigurationPlatforms) = postSolution
		{79DE38B7-220C-43E4-B974-BC1763A478D3}.Debug|Any CPU.ActiveCfg = Debug|Any CPU
		{79DE38B7-220C-43E4-B974-BC1763A478D3}.Debug|Any CPU.Build.0 = Debug|Any CPU
		{79DE38B7-220C-43E4-B974-BC1763A478D3}.Release|Any CPU.ActiveCfg = Release|Any CPU
		{79DE38B7-220C-43E4-B974-BC1763A478D3}.Release|Any CPU.Build.0 = Release|Any CPU
	EndGlobalSection
	GlobalSection(SolutionProperties) = preSolution
		HideSolutionNode = FALSE
	EndGlobalSection
	GlobalSection(ExtensibilityGlobals) = postSolution
		SolutionGuid = {883BEB69-07B0-4B4A-82B1-49A6BCC4D391}
	EndGlobalSection
EndGlobal
